
Microsoft Visual Studio Solution File, Format Version 12.00
# Visual Studio 15
VisualStudioVersion = 15.0.28307.1209
MinimumVisualStudioVersion = 10.0.40219.1
Project("{8BC9CEB8-8B4A-11D0-8D11-00A0C91BC942}") = "roman to int", "roman to int\roman to int.vcxproj", "{24FD0112-118A-44F9-A550-FB68040DEAEF}"
EndProject
Global
	GlobalSection(SolutionConfigurationPlatforms) = preSolution
		Debug|x64 = Debug|x64
		Debug|x86 = Debug|x86
		Release|x64 = Release|x64
		Release|x86 = Release|x86
	EndGlobalSection
	GlobalSection(ProjectConfigurationPlatforms) = postSolution
		{24FD0112-118A-44F9-A550-FB68040DEAEF}.Debug|x64.ActiveCfg = Debug|x64
		{24FD0112-118A-44F9-A550-FB68040DEAEF}.Debug|x64.Build.0 = Debug|x64
		{24FD0112-118A-44F9-A550-FB68040DEAEF}.Debug|x86.ActiveCfg = Debug|Win32
		{24FD0112-118A-44F9-A550-FB68040DEAEF}.Debug|x86.Build.0 = Debug|Win32
		{24FD0112-118A-44F9-A550-FB68040DEAEF}.Release|x64.ActiveCfg = Release|x64
		{24FD0112-118A-44F9-A550-FB68040DEAEF}.Release|x64.Build.0 = Release|x64
		{24FD0112-118A-44F9-A550-FB68040DEAEF}.Release|x86.ActiveCfg = Release|Win32
		{24FD0112-118A-44F9-A550-FB68040DEAEF}.Release|x86.Build.0 = Release|Win32
	EndGlobalSection
	GlobalSection(SolutionProperties) = preSolution
		HideSolutionNode = FALSE
	EndGlobalSection
	GlobalSection(ExtensibilityGlobals) = postSolution
		SolutionGuid = {64525A1D-8FC0-4D13-A85D-0D053C769348}
	EndGlobalSection
EndGlobal
